
Microsoft Visual Studio Solution File, Format Version 12.00
# Visual Studio Version 16
VisualStudioVersion = 16.0.31624.102
MinimumVisualStudioVersion = 10.0.40219.1
Project("{FAE04EC0-301F-11D3-BF4B-00C04F79EFBC}") = "D'Anjolell_cc2", "D'Anjolell_cc2\D'Anjolell_cc2.csproj", "{B09A7E60-188B-4D9B-9EA3-F5B99FD490BB}"
EndProject
Global
	GlobalSection(SolutionConfigurationPlatforms) = preSolution
		Debug|Any CPU = Debug|Any CPU
		Release|Any CPU = Release|Any CPU
	EndGlobalSection
	GlobalSection(ProjectConfigurationPlatforms) = postSolution
		{B09A7E60-188B-4D9B-9EA3-F5B99FD490BB}.Debug|Any CPU.ActiveCfg = Debug|Any CPU
		{B09A7E60-188B-4D9B-9EA3-F5B99FD490BB}.Debug|Any CPU.Build.0 = Debug|Any CPU
		{B09A7E60-188B-4D9B-9EA3-F5B99FD490BB}.Release|Any CPU.ActiveCfg = Release|Any CPU
		{B09A7E60-188B-4D9B-9EA3-F5B99FD490BB}.Release|Any CPU.Build.0 = Release|Any CPU
	EndGlobalSection
	GlobalSection(SolutionProperties) = preSolution
		HideSolutionNode = FALSE
	EndGlobalSection
	GlobalSection(ExtensibilityGlobals) = postSolution
		SolutionGuid = {5728D681-D097-4B7C-A169-7A78E2C45285}
	EndGlobalSection
EndGlobal
